{
  "name": "avr8js_demo_node",
  "version": "1.0.0",
  "lockfileVersion": 1,
  "requires": true,
  "dependencies": {
    "avr8js": {
      "version": "0.9.1",
      "resolved": "https://registry.npmjs.org/avr8js/-/avr8js-0.9.1.tgz",
      "integrity": "sha512-bQW2l3oXbq0/GYpFrIuTZtkmOZJK8P5MDsJfAeX7m9lr1eCIxscw8ia3tB9CfwMwe5tfyCl6IXfeEBfuAjGrIg=="
    }
  }
}
